// !$*UTF8*$!
{
	archiveVersion = 1;
	classes = {
	};
	objectVersion = 46;
	objects = {

/* Begin PBXBuildFile section */
		0778CBF91F9AE97500B9E632 /* AppDelegate.swift in Sources */ = {isa = PBXBuildFile; fileRef = 0778CBF81F9AE97500B9E632 /* AppDelegate.swift */; };
		0778CBFB1F9AE97500B9E632 /* ViewController.swift in Sources */ = {isa = PBXBuildFile; fileRef = 0778CBFA1F9AE97500B9E632 /* ViewController.swift */; };
		0778CBFE1F9AE97600B9E632 /* Main.storyboard in Resources */ = {isa = PBXBuildFile; fileRef = 0778CBFC1F9AE97600B9E632 /* Main.storyboard */; };
		0778CC001F9AE97800B9E632 /* Assets.xcassets in Resources */ = {isa = PBXBuildFile; fileRef = 0778CBFF1F9AE97800B9E632 /* Assets.xcassets */; };
		0778CC031F9AE97800B9E632 /* LaunchScreen.storyboard in Resources */ = {isa = PBXBuildFile; fileRef = 0778CC011F9AE97800B9E632 /* LaunchScreen.storyboard */; };
		0778CC0E1F9AE98100B9E632 /* Project_04___CountryListTests.swift in Sources */ = {isa = PBXBuildFile; fileRef = 0778CC0D1F9AE98100B9E632 /* Project_04___CountryListTests.swift */; };
		0778CC191F9AE98200B9E632 /* Project_04___CountryListUITests.swift in Sources */ = {isa = PBXBuildFile; fileRef = 0778CC181F9AE98200B9E632 /* Project_04___CountryListUITests.swift */; };
		0778CC2D1F9C540C00B9E632 /* TabelCellModel.swift in Sources */ = {isa = PBXBuildFile; fileRef = 0778CC2C1F9C540C00B9E632 /* TabelCellModel.swift */; };
		0778CC311FA0A2E200B9E632 /* TableModelCell.swift in Sources */ = {isa = PBXBuildFile; fileRef = 0778CC301FA0A2E000B9E632 /* TableModelCell.swift */; };
/* End PBXBuildFile section */

/* Begin PBXContainerItemProxy section */
		0778CC0A1F9AE98100B9E632 /* PBXContainerItemProxy */ = {
			isa = PBXContainerItemProxy;
			containerPortal = 0778CBED1F9AE97300B9E632 /* Project object */;
			proxyType = 1;
			remoteGlobalIDString = 0778CBF41F9AE97400B9E632;
			remoteInfo = "Project 04 - CountryList";
		};
		0778CC151F9AE98200B9E632 /* PBXContainerItemProxy */ = {
			isa = PBXContainerItemProxy;
			containerPortal = 0778CBED1F9AE97300B9E632 /* Project object */;
			proxyType = 1;
			remoteGlobalIDString = 0778CBF41F9AE97400B9E632;
			remoteInfo = "Project 04 - CountryList";
		};
/* End PBXContainerItemProxy section */

/* Begin PBXFileReference section */
		0778CBF51F9AE97400B9E632 /* Project 04 - CountryList.app */ = {isa = PBXFileReference; explicitFileType = wrapper.application; includeInIndex = 0; path = "Project 04 - CountryList.app"; sourceTree = BUILT_PRODUCTS_DIR; };
		0778CBF81F9AE97500B9E632 /* AppDelegate.swift */ = {isa = PBXFileReference; lastKnownFileType = sourcecode.swift; path = AppDelegate.swift; sourceTree = "<group>"; };
		0778CBFA1F9AE97500B9E632 /* ViewController.swift */ = {isa = PBXFileReference; lastKnownFileType = sourcecode.swift; path = ViewController.swift; sourceTree = "<group>"; };
		0778CBFD1F9AE97600B9E632 /* Base */ = {isa = PBXFileReference; lastKnownFileType = file.storyboard; name = Base; path = Base.lproj/Main.storyboard; sourceTree = "<group>"; };
		0778CBFF1F9AE97800B9E632 /* Assets.xcassets */ = {isa = PBXFileReference; lastKnownFileType = folder.assetcatalog; path = Assets.xcassets; sourceTree = "<group>"; };
		0778CC021F9AE97800B9E632 /* Base */ = {isa = PBXFileReference; lastKnownFileType = file.storyboard; name = Base; path = Base.lproj/LaunchScreen.storyboard; sourceTree = "<group>"; };
		0778CC041F9AE97800B9E632 /* Info.plist */ = {isa = PBXFileReference; lastKnownFileType = text.plist.xml; path = Info.plist; sourceTree = "<group>"; };
		0778CC091F9AE98100B9E632 /* Project 04 - CountryListTests.xctest */ = {isa = PBXFileReference; explicitFileType = wrapper.cfbundle; includeInIndex = 0; path = "Project 04 - CountryListTests.xctest"; sourceTree = BUILT_PRODUCTS_DIR; };
		0778CC0D1F9AE98100B9E632 /* Project_04___CountryListTests.swift */ = {isa = PBXFileReference; lastKnownFileType = sourcecode.swift; path = "Project_04___CountryListTests.swift"; sourceTree = "<group>"; };
		0778CC0F1F9AE98200B9E632 /* Info.plist */ = {isa = PBXFileReference; lastKnownFileType = text.plist.xml; path = Info.plist; sourceTree = "<group>"; };
		0778CC141F9AE98200B9E632 /* Project 04 - CountryListUITests.xctest */ = {isa = PBXFileReference; explicitFileType = wrapper.cfbundle; includeInIndex = 0; path = "Project 04 - CountryListUITests.xctest"; sourceTree = BUILT_PRODUCTS_DIR; };
		0778CC181F9AE98200B9E632 /* Project_04___CountryListUITests.swift */ = {isa = PBXFileReference; lastKnownFileType = sourcecode.swift; path = "Project_04___CountryListUITests.swift"; sourceTree = "<group>"; };
		0778CC1A1F9AE98200B9E632 /* Info.plist */ = {isa = PBXFileReference; lastKnownFileType = text.plist.xml; path = Info.plist; sourceTree = "<group>"; };
		0778CC2C1F9C540C00B9E632 /* TabelCellModel.swift */ = {isa = PBXFileReference; fileEncoding = 4; lastKnownFileType = sourcecode.swift; name = TabelCellModel.swift; path = ../TabelCellModel.swift; sourceTree = "<group>"; };
		0778CC301FA0A2E000B9E632 /* TableModelCell.swift */ = {isa = PBXFileReference; fileEncoding = 4; lastKnownFileType = sourcecode.swift; path = TableModelCell.swift; sourceTree = SOURCE_ROOT; };
/* End PBXFileReference section */

/* Begin PBXFrameworksBuildPhase section */
		0778CBF21F9AE97400B9E632 /* Frameworks */ = {
			isa = PBXFrameworksBuildPhase;
			buildActionMask = 2147483647;
			files = (
			);
			runOnlyForDeploymentPostprocessing = 0;
		};
		0778CC061F9AE98100B9E632 /* Frameworks */ = {
			isa = PBXFrameworksBuildPhase;
			buildActionMask = 2147483647;
			files = (
			);
			runOnlyForDeploymentPostprocessing = 0;
		};
		0778CC111F9AE98200B9E632 /* Frameworks */ = {
			isa = PBXFrameworksBuildPhase;
			buildActionMask = 2147483647;
			files = (
			);
			runOnlyForDeploymentPostprocessing = 0;
		};
/* End PBXFrameworksBuildPhase section */

/* Begin PBXGroup section */
		0778CBEC1F9AE97300B9E632 = {
			isa = PBXGroup;
			children = (
				0778CBF71F9AE97400B9E632 /* Project 04 - CountryList */,
				0778CC0C1F9AE98100B9E632 /* Project 04 - CountryListTests */,
				0778CC171F9AE98200B9E632 /* Project 04 - CountryListUITests */,
				0778CBF61F9AE97400B9E632 /* Products */,
			);
			sourceTree = "<group>";
		};
		0778CBF61F9AE97400B9E632 /* Products */ = {
			isa = PBXGroup;
			children = (
				0778CBF51F9AE97400B9E632 /* Project 04 - CountryList.app */,
				0778CC091F9AE98100B9E632 /* Project 04 - CountryListTests.xctest */,
				0778CC141F9AE98200B9E632 /* Project 04 - CountryListUITests.xctest */,
			);
			name = Products;
			sourceTree = "<group>";
		};
		0778CBF71F9AE97400B9E632 /* Project 04 - CountryList */ = {
			isa = PBXGroup;
			children = (
				0778CBF81F9AE97500B9E632 /* AppDelegate.swift */,
				0778CC301FA0A2E000B9E632 /* TableModelCell.swift */,
				0778CC2C1F9C540C00B9E632 /* TabelCellModel.swift */,
				0778CBFA1F9AE97500B9E632 /* ViewController.swift */,
				0778CBFC1F9AE97600B9E632 /* Main.storyboard */,
				0778CBFF1F9AE97800B9E632 /* Assets.xcassets */,
				0778CC011F9AE97800B9E632 /* LaunchScreen.storyboard */,
				0778CC041F9AE97800B9E632 /* Info.plist */,
			);
			path = "Project 04 - CountryList";
			sourceTree = "<group>";
		};
		0778CC0C1F9AE98100B9E632 /* Project 04 - CountryListTests */ = {
			isa = PBXGroup;
			children = (
				0778CC0D1F9AE98100B9E632 /* Project_04___CountryListTests.swift */,
				0778CC0F1F9AE98200B9E632 /* Info.plist */,
			);
			path = "Project 04 - CountryListTests";
			sourceTree = "<group>";
		};
		0778CC171F9AE98200B9E632 /* Project 04 - CountryListUITests */ = {
			isa = PBXGroup;
			children = (
				0778CC181F9AE98200B9E632 /* Project_04___CountryListUITests.swift */,
				0778CC1A1F9AE98200B9E632 /* Info.plist */,
			);
			path = "Project 04 - CountryListUITests";
			sourceTree = "<group>";
		};
/* End PBXGroup section */

/* Begin PBXNativeTarget section */
		0778CBF41F9AE97400B9E632 /* Project 04 - CountryList */ = {
			isa = PBXNativeTarget;
			buildConfigurationList = 0778CC1D1F9AE98200B9E632 /* Build configuration list for PBXNativeTarget "Project 04 - CountryList" */;
			buildPhases = (
				0778CBF11F9AE97400B9E632 /* Sources */,
				0778CBF21F9AE97400B9E632 /* Frameworks */,
				0778CBF31F9AE97400B9E632 /* Resources */,
			);
			buildRules = (
			);
			dependencies = (
			);
			name = "Project 04 - CountryList";
			productName = "Project 04 - CountryList";
			productReference = 0778CBF51F9AE97400B9E632 /* Project 04 - CountryList.app */;
			productType = "com.apple.product-type.application";
		};
		0778CC081F9AE98100B9E632 /* Project 04 - CountryListTests */ = {
			isa = PBXNativeTarget;
			buildConfigurationList = 0778CC201F9AE98200B9E632 /* Build configuration list for PBXNativeTarget "Project 04 - CountryListTests" */;
			buildPhases = (
				0778CC051F9AE98100B9E632 /* Sources */,
				0778CC061F9AE98100B9E632 /* Frameworks */,
				0778CC071F9AE98100B9E632 /* Resources */,
			);
			buildRules = (
			);
			dependencies = (
				0778CC0B1F9AE98100B9E632 /* PBXTargetDependency */,
			);
			name = "Project 04 - CountryListTests";
			productName = "Project 04 - CountryListTests";
			productReference = 0778CC091F9AE98100B9E632 /* Project 04 - CountryListTests.xctest */;
			productType = "com.apple.product-type.bundle.unit-test";
		};
		0778CC131F9AE98200B9E632 /* Project 04 - CountryListUITests */ = {
			isa = PBXNativeTarget;
			buildConfigurationList = 0778CC231F9AE98200B9E632 /* Build configuration list for PBXNativeTarget "Project 04 - CountryListUITests" */;
			buildPhases = (
				0778CC101F9AE98200B9E632 /* Sources */,
				0778CC111F9AE98200B9E632 /* Frameworks */,
				0778CC121F9AE98200B9E632 /* Resources */,
			);
			buildRules = (
			);
			dependencies = (
				0778CC161F9AE98200B9E632 /* PBXTargetDependency */,
			);
			name = "Project 04 - CountryListUITests";
			productName = "Project 04 - CountryListUITests";
			productReference = 0778CC141F9AE98200B9E632 /* Project 04 - CountryListUITests.xctest */;
			productType = "com.apple.product-type.bundle.ui-testing";
		};
/* End PBXNativeTarget section */

/* Begin PBXProject section */
		0778CBED1F9AE97300B9E632 /* Project object */ = {
			isa = PBXProject;
			attributes = {
				LastSwiftUpdateCheck = 0830;
				LastUpgradeCheck = 0830;
				ORGANIZATIONNAME = "张德茂";
				TargetAttributes = {
					0778CBF41F9AE97400B9E632 = {
						CreatedOnToolsVersion = 8.3.3;
						DevelopmentTeam = 7E9P6XZ2F6;
						ProvisioningStyle = Automatic;
					};
					0778CC081F9AE98100B9E632 = {
						CreatedOnToolsVersion = 8.3.3;
						DevelopmentTeam = 7E9P6XZ2F6;
						ProvisioningStyle = Automatic;
						TestTargetID = 0778CBF41F9AE97400B9E632;
					};
					0778CC131F9AE98200B9E632 = {
						CreatedOnToolsVersion = 8.3.3;
						DevelopmentTeam = 7E9P6XZ2F6;
						ProvisioningStyle = Automatic;
						TestTargetID = 0778CBF41F9AE97400B9E632;
					};
				};
			};
			buildConfigurationList = 0778CBF01F9AE97300B9E632 /* Build configuration list for PBXProject "Project 04 - CountryList" */;
			compatibilityVersion = "Xcode 3.2";
			developmentRegion = English;
			hasScannedForEncodings = 0;
			knownRegions = (
				en,
				Base,
			);
			mainGroup = 0778CBEC1F9AE97300B9E632;
			productRefGroup = 0778CBF61F9AE97400B9E632 /* Products */;
			projectDirPath = "";
			projectRoot = "";
			targets = (
				0778CBF41F9AE97400B9E632 /* Project 04 - CountryList */,
				0778CC081F9AE98100B9E632 /* Project 04 - CountryListTests */,
				0778CC131F9AE98200B9E632 /* Project 04 - CountryListUITests */,
			);
		};
/* End PBXProject section */

/* Begin PBXResourcesBuildPhase section */
		0778CBF31F9AE97400B9E632 /* Resources */ = {
			isa = PBXResourcesBuildPhase;
			buildActionMask = 2147483647;
			files = (
				0778CC031F9AE97800B9E632 /* LaunchScreen.storyboard in Resources */,
				0778CC001F9AE97800B9E632 /* Assets.xcassets in Resources */,
				0778CBFE1F9AE97600B9E632 /* Main.storyboard in Resources */,
			);
			runOnlyForDeploymentPostprocessing = 0;
		};
		0778CC071F9AE98100B9E632 /* Resources */ = {
			isa = PBXResourcesBuildPhase;
			buildActionMask = 2147483647;
			files = (
			);
			runOnlyForDeploymentPostprocessing = 0;
		};
		0778CC121F9AE98200B9E632 /* Resources */ = {
			isa = PBXResourcesBuildPhase;
			buildActionMask = 2147483647;
			files = (
			);
			runOnlyForDeploymentPostprocessing = 0;
		};
/* End PBXResourcesBuildPhase section */

/* Begin PBXSourcesBuildPhase section */
		0778CBF11F9AE97400B9E632 /* Sources */ = {
			isa = PBXSourcesBuildPhase;
			buildActionMask = 2147483647;
			files = (
				0778CC2D1F9C540C00B9E632 /* TabelCellModel.swift in Sources */,
				0778CBFB1F9AE97500B9E632 /* ViewController.swift in Sources */,
				0778CBF91F9AE97500B9E632 /* AppDelegate.swift in Sources */,
				0778CC311FA0A2E200B9E632 /* TableModelCell.swift in Sources */,
			);
			runOnlyForDeploymentPostprocessing = 0;
		};
		0778CC051F9AE98100B9E632 /* Sources */ = {
			isa = PBXSourcesBuildPhase;
			buildActionMask = 2147483647;
			files = (
				0778CC0E1F9AE98100B9E632 /* Project_04___CountryListTests.swift in Sources */,
			);
			runOnlyForDeploymentPostprocessing = 0;
		};
		0778CC101F9AE98200B9E632 /* Sources */ = {
			isa = PBXSourcesBuildPhase;
			buildActionMask = 2147483647;
			files = (
				0778CC191F9AE98200B9E632 /* Project_04___CountryListUITests.swift in Sources */,
			);
			runOnlyForDeploymentPostprocessing = 0;
		};
/* End PBXSourcesBuildPhase section */

/* Begin PBXTargetDependency section */
		0778CC0B1F9AE98100B9E632 /* PBXTargetDependency */ = {
			isa = PBXTargetDependency;
			target = 0778CBF41F9AE97400B9E632 /* Project 04 - CountryList */;
			targetProxy = 0778CC0A1F9AE98100B9E632 /* PBXContainerItemProxy */;
		};
		0778CC161F9AE98200B9E632 /* PBXTargetDependency */ = {
			isa = PBXTargetDependency;
			target = 0778CBF41F9AE97400B9E632 /* Project 04 - CountryList */;
			targetProxy = 0778CC151F9AE98200B9E632 /* PBXContainerItemProxy */;
		};
/* End PBXTargetDependency section */

/* Begin PBXVariantGroup section */
		0778CBFC1F9AE97600B9E632 /* Main.storyboard */ = {
			isa = PBXVariantGroup;
			children = (
				0778CBFD1F9AE97600B9E632 /* Base */,
			);
			name = Main.storyboard;
			sourceTree = "<group>";
		};
		0778CC011F9AE97800B9E632 /* LaunchScreen.storyboard */ = {
			isa = PBXVariantGroup;
			children = (
				0778CC021F9AE97800B9E632 /* Base */,
			);
			name = LaunchScreen.storyboard;
			sourceTree = "<group>";
		};
/* End PBXVariantGroup section */

/* Begin XCBuildConfiguration section */
		0778CC1B1F9AE98200B9E632 /* Debug */ = {
			isa = XCBuildConfiguration;
			buildSettings = {
				ALWAYS_SEARCH_USER_PATHS = NO;
				CLANG_ANALYZER_NONNULL = YES;
				CLANG_ANALYZER_NUMBER_OBJECT_CONVERSION = YES_AGGRESSIVE;
				CLANG_CXX_LANGUAGE_STANDARD = "gnu++0x";
				CLANG_CXX_LIBRARY = "libc++";
				CLANG_ENABLE_MODULES = YES;
				CLANG_ENABLE_OBJC_ARC = YES;
				CLANG_WARN_BOOL_CONVERSION = YES;
				CLANG_WARN_CONSTANT_CONVERSION = YES;
				CLANG_WARN_DIRECT_OBJC_ISA_USAGE = YES_ERROR;
				CLANG_WARN_DOCUMENTATION_COMMENTS = YES;
				CLANG_WARN_EMPTY_BODY = YES;
				CLANG_WARN_ENUM_CONVERSION = YES;
				CLANG_WARN_INFINITE_RECURSION = YES;
				CLANG_WARN_INT_CONVERSION = YES;
				CLANG_WARN_OBJC_ROOT_CLASS = YES_ERROR;
				CLANG_WARN_SUSPICIOUS_MOVE = YES;
				CLANG_WARN_UNREACHABLE_CODE = YES;
				CLANG_WARN__DUPLICATE_METHOD_MATCH = YES;
				"CODE_SIGN_IDENTITY[sdk=iphoneos*]" = "iPhone Developer";
				COPY_PHASE_STRIP = NO;
				DEBUG_INFORMATION_FORMAT = dwarf;
				ENABLE_STRICT_OBJC_MSGSEND = YES;
				ENABLE_TESTABILITY = YES;
				GCC_C_LANGUAGE_STANDARD = gnu99;
				GCC_DYNAMIC_NO_PIC = NO;
				GCC_NO_COMMON_BLOCKS = YES;
				GCC_OPTIMIZATION_LEVEL = 0;
				GCC_PREPROCESSOR_DEFINITIONS = (
					"DEBUG=1",
					"$(inherited)",
				);
				GCC_WARN_64_TO_32_BIT_CONVERSION = YES;
				GCC_WARN_ABOUT_RETURN_TYPE = YES_ERROR;
				GCC_WARN_UNDECLARED_SELECTOR = YES;
				GCC_WARN_UNINITIALIZED_AUTOS = YES_AGGRESSIVE;
				GCC_WARN_UNUSED_FUNCTION = YES;
				GCC_WARN_UNUSED_VARIABLE = YES;
				IPHONEOS_DEPLOYMENT_TARGET = 10.3;
				MTL_ENABLE_DEBUG_INFO = YES;
				ONLY_ACTIVE_ARCH = YES;
				SDKROOT = iphoneos;
				SWIFT_ACTIVE_COMPILATION_CONDITIONS = DEBUG;
				SWIFT_OPTIMIZATION_LEVEL = "-Onone";
			};
			name = Debug;
		};
		0778CC1C1F9AE98200B9E632 /* Release */ = {
			isa = XCBuildConfiguration;
			buildSettings = {
				ALWAYS_SEARCH_USER_PATHS = NO;
				CLANG_ANALYZER_NONNULL = YES;
				CLANG_ANALYZER_NUMBER_OBJECT_CONVERSION = YES_AGGRESSIVE;
				CLANG_CXX_LANGUAGE_STANDARD = "gnu++0x";
				CLANG_CXX_LIBRARY = "libc++";
				CLANG_ENABLE_MODULES = YES;
				CLANG_ENABLE_OBJC_ARC = YES;
				CLANG_WARN_BOOL_CONVERSION = YES;
				CLANG_WARN_CONSTANT_CONVERSION = YES;
				CLANG_WARN_DIRECT_OBJC_ISA_USAGE = YES_ERROR;
				CLANG_WARN_DOCUMENTATION_COMMENTS = YES;
				CLANG_WARN_EMPTY_BODY = YES;
				CLANG_WARN_ENUM_CONVERSION = YES;
				CLANG_WARN_INFINITE_RECURSION = YES;
				CLANG_WARN_INT_CONVERSION = YES;
				CLANG_WARN_OBJC_ROOT_CLASS = YES_ERROR;
				CLANG_WARN_SUSPICIOUS_MOVE = YES;
				CLANG_WARN_UNREACHABLE_CODE = YES;
				CLANG_WARN__DUPLICATE_METHOD_MATCH = YES;
				"CODE_SIGN_IDENTITY[sdk=iphoneos*]" = "iPhone Developer";
				COPY_PHASE_STRIP = NO;
				DEBUG_INFORMATION_FORMAT = "dwarf-with-dsym";
				ENABLE_NS_ASSERTIONS = NO;
				ENABLE_STRICT_OBJC_MSGSEND = YES;
				GCC_C_LANGUAGE_STANDARD = gnu99;
				GCC_NO_COMMON_BLOCKS = YES;
				GCC_WARN_64_TO_32_BIT_CONVERSION = YES;
				GCC_WARN_ABOUT_RETURN_TYPE = YES_ERROR;
				GCC_WARN_UNDECLARED_SELECTOR = YES;
				GCC_WARN_UNINITIALIZED_AUTOS = YES_AGGRESSIVE;
				GCC_WARN_UNUSED_FUNCTION = YES;
				GCC_WARN_UNUSED_VARIABLE = YES;
				IPHONEOS_DEPLOYMENT_TARGET = 10.3;
				MTL_ENABLE_DEBUG_INFO = NO;
				SDKROOT = iphoneos;
				SWIFT_OPTIMIZATION_LEVEL = "-Owholemodule";
				VALIDATE_PRODUCT = YES;
			};
			name = Release;
		};
		0778CC1E1F9AE98200B9E632 /* Debug */ = {
			isa = XCBuildConfiguration;
			buildSettings = {
				ASSETCATALOG_COMPILER_APPICON_NAME = AppIcon;
				DEVELOPMENT_TEAM = 7E9P6XZ2F6;
				INFOPLIST_FILE = "Project 04 - CountryList/Info.plist";
				LD_RUNPATH_SEARCH_PATHS = "$(inherited) @executable_path/Frameworks";
				PRODUCT_BUNDLE_IDENTIFIER = "snail.Project-04---CountryList";
				PRODUCT_NAME = "$(TARGET_NAME)";
				SWIFT_VERSION = 3.0;
			};
			name = Debug;
		};
		0778CC1F1F9AE98200B9E632 /* Release */ = {
			isa = XCBuildConfiguration;
			buildSettings = {
				ASSETCATALOG_COMPILER_APPICON_NAME = AppIcon;
				DEVELOPMENT_TEAM = 7E9P6XZ2F6;
				INFOPLIST_FILE = "Project 04 - CountryList/Info.plist";
				LD_RUNPATH_SEARCH_PATHS = "$(inherited) @executable_path/Frameworks";
				PRODUCT_BUNDLE_IDENTIFIER = "snail.Project-04---CountryList";
				PRODUCT_NAME = "$(TARGET_NAME)";
				SWIFT_VERSION = 3.0;
			};
			name = Release;
		};
		0778CC211F9AE98200B9E632 /* Debug */ = {
			isa = XCBuildConfiguration;
			buildSettings = {
				ALWAYS_EMBED_SWIFT_STANDARD_LIBRARIES = YES;
				BUNDLE_LOADER = "$(TEST_HOST)";
				DEVELOPMENT_TEAM = 7E9P6XZ2F6;
				INFOPLIST_FILE = "Project 04 - CountryListTests/Info.plist";
				LD_RUNPATH_SEARCH_PATHS = "$(inherited) @executable_path/Frameworks @loader_path/Frameworks";
				PRODUCT_BUNDLE_IDENTIFIER = "snail.Project-04---CountryListTests";
				PRODUCT_NAME = "$(TARGET_NAME)";
				SWIFT_VERSION = 3.0;
				TEST_HOST = "$(BUILT_PRODUCTS_DIR)/Project 04 - CountryList.app/Project 04 - CountryList";
			};
			name = Debug;
		};
		0778CC221F9AE98200B9E632 /* Release */ = {
			isa = XCBuildConfiguration;
			buildSettings = {
				ALWAYS_EMBED_SWIFT_STANDARD_LIBRARIES = YES;
				BUNDLE_LOADER = "$(TEST_HOST)";
				DEVELOPMENT_TEAM = 7E9P6XZ2F6;
				INFOPLIST_FILE = "Project 04 - CountryListTests/Info.plist";
				LD_RUNPATH_SEARCH_PATHS = "$(inherited) @executable_path/Frameworks @loader_path/Frameworks";
				PRODUCT_BUNDLE_IDENTIFIER = "snail.Project-04---CountryListTests";
				PRODUCT_NAME = "$(TARGET_NAME)";
				SWIFT_VERSION = 3.0;
				TEST_HOST = "$(BUILT_PRODUCTS_DIR)/Project 04 - CountryList.app/Project 04 - CountryList";
			};
			name = Release;
		};
		0778CC241F9AE98200B9E632 /* Debug */ = {
			isa = XCBuildConfiguration;
			buildSettings = {
				ALWAYS_EMBED_SWIFT_STANDARD_LIBRARIES = YES;
				DEVELOPMENT_TEAM = 7E9P6XZ2F6;
				INFOPLIST_FILE = "Project 04 - CountryListUITests/Info.plist";
				LD_RUNPATH_SEARCH_PATHS = "$(inherited) @executable_path/Frameworks @loader_path/Frameworks";
				PRODUCT_BUNDLE_IDENTIFIER = "snail.Project-04---CountryListUITests";
				PRODUCT_NAME = "$(TARGET_NAME)";
				SWIFT_VERSION = 3.0;
				TEST_TARGET_NAME = "Project 04 - CountryList";
			};
			name = Debug;
		};
		0778CC251F9AE98200B9E632 /* Release */ = {
			isa = XCBuildConfiguration;
			buildSettings = {
				ALWAYS_EMBED_SWIFT_STANDARD_LIBRARIES = YES;
				DEVELOPMENT_TEAM = 7E9P6XZ2F6;
				INFOPLIST_FILE = "Project 04 - CountryListUITests/Info.plist";
				LD_RUNPATH_SEARCH_PATHS = "$(inherited) @executable_path/Frameworks @loader_path/Frameworks";
				PRODUCT_BUNDLE_IDENTIFIER = "snail.Project-04---CountryListUITests";
				PRODUCT_NAME = "$(TARGET_NAME)";
				SWIFT_VERSION = 3.0;
				TEST_TARGET_NAME = "Project 04 - CountryList";
			};
			name = Release;
		};
/* End XCBuildConfiguration section */

/* Begin XCConfigurationList section */
		0778CBF01F9AE97300B9E632 /* Build configuration list for PBXProject "Project 04 - CountryList" */ = {
			isa = XCConfigurationList;
			buildConfigurations = (
				0778CC1B1F9AE98200B9E632 /* Debug */,
				0778CC1C1F9AE98200B9E632 /* Release */,
			);
			defaultConfigurationIsVisible = 0;
			defaultConfigurationName = Release;
		};
		0778CC1D1F9AE98200B9E632 /* Build configuration list for PBXNativeTarget "Project 04 - CountryList" */ = {
			isa = XCConfigurationList;
			buildConfigurations = (
				0778CC1E1F9AE98200B9E632 /* Debug */,
				0778CC1F1F9AE98200B9E632 /* Release */,
			);
			defaultConfigurationIsVisible = 0;
			defaultConfigurationName = Release;
		};
		0778CC201F9AE98200B9E632 /* Build configuration list for PBXNativeTarget "Project 04 - CountryListTests" */ = {
			isa = XCConfigurationList;
			buildConfigurations = (
				0778CC211F9AE98200B9E632 /* Debug */,
				0778CC221F9AE98200B9E632 /* Release */,
			);
			defaultConfigurationIsVisible = 0;
			defaultConfigurationName = Release;
		};
		0778CC231F9AE98200B9E632 /* Build configuration list for PBXNativeTarget "Project 04 - CountryListUITests" */ = {
			isa = XCConfigurationList;
			buildConfigurations = (
				0778CC241F9AE98200B9E632 /* Debug */,
				0778CC251F9AE98200B9E632 /* Release */,
			);
			defaultConfigurationIsVisible = 0;
			defaultConfigurationName = Release;
		};
/* End XCConfigurationList section */
	};
	rootObject = 0778CBED1F9AE97300B9E632 /* Project object */;
}
